Microsoft Visual Studio Solution File, Format Version 12.00
# Visual Studio 2012
Project("{FAE04EC0-301F-11D3-BF4B-00C04F79EFBC}") = "wyland-godot", "wyland-godot.csproj", "{51F918A1-B040-4A56-8C31-41F9BF97B2AF}"
EndProject
Global
	GlobalSection(SolutionConfigurationPlatforms) = preSolution
	Debug|Any CPU = Debug|Any CPU
	ExportDebug|Any CPU = ExportDebug|Any CPU
	ExportRelease|Any CPU = ExportRelease|Any CPU
	EndGlobalSection
	GlobalSection(ProjectConfigurationPlatforms) = postSolution
		{51F918A1-B040-4A56-8C31-41F9BF97B2AF}.Debug|Any CPU.ActiveCfg = Debug|Any CPU
		{51F918A1-B040-4A56-8C31-41F9BF97B2AF}.Debug|Any CPU.Build.0 = Debug|Any CPU
		{51F918A1-B040-4A56-8C31-41F9BF97B2AF}.ExportDebug|Any CPU.ActiveCfg = ExportDebug|Any CPU
		{51F918A1-B040-4A56-8C31-41F9BF97B2AF}.ExportDebug|Any CPU.Build.0 = ExportDebug|Any CPU
		{51F918A1-B040-4A56-8C31-41F9BF97B2AF}.ExportRelease|Any CPU.ActiveCfg = ExportRelease|Any CPU
		{51F918A1-B040-4A56-8C31-41F9BF97B2AF}.ExportRelease|Any CPU.Build.0 = ExportRelease|Any CPU
	EndGlobalSection
EndGlobal
